
Microsoft Visual Studio Solution File, Format Version 12.00
# Visual Studio Version 16
VisualStudioVersion = 16.0.30104.148
MinimumVisualStudioVersion = 10.0.40219.1
Project("{FAE04EC0-301F-11D3-BF4B-00C04F79EFBC}") = "HelloWorld", "HelloWorld.csproj", "{7AC036EE-B6CA-41DC-A4CB-849029043A68}"
EndProject
Global
	GlobalSection(SolutionConfigurationPlatforms) = preSolution
		Debug|Any CPU = Debug|Any CPU
		Release|Any CPU = Release|Any CPU
	EndGlobalSection
	GlobalSection(ProjectConfigurationPlatforms) = postSolution
		{7AC036EE-B6CA-41DC-A4CB-849029043A68}.Debug|Any CPU.ActiveCfg = Debug|Any CPU
		{7AC036EE-B6CA-41DC-A4CB-849029043A68}.Debug|Any CPU.Build.0 = Debug|Any CPU
		{7AC036EE-B6CA-41DC-A4CB-849029043A68}.Release|Any CPU.ActiveCfg = Release|Any CPU
		{7AC036EE-B6CA-41DC-A4CB-849029043A68}.Release|Any CPU.Build.0 = Release|Any CPU
	EndGlobalSection
	GlobalSection(SolutionProperties) = preSolution
		HideSolutionNode = FALSE
	EndGlobalSection
	GlobalSection(ExtensibilityGlobals) = postSolution
		SolutionGuid = {44E4AD37-A283-43DC-BFB8-46BF12E2357D}
	EndGlobalSection
EndGlobal
